
Microsoft Visual Studio Solution File, Format Version 12.00
# Visual Studio Version 17
VisualStudioVersion = 17.5.002.0
MinimumVisualStudioVersion = 10.0.40219.1
Project("{9A19103F-16F7-4668-BE54-9A1E7A4F7556}") = "ExternalBrowser", "ExternalBrowser.csproj", "{4C7E8EDE-B11A-4480-9EA1-1DB0DE474632}"
EndProject
Global
	GlobalSection(SolutionConfigurationPlatforms) = preSolution
		Debug|Any CPU = Debug|Any CPU
		Release|Any CPU = Release|Any CPU
	EndGlobalSection
	GlobalSection(ProjectConfigurationPlatforms) = postSolution
		{4C7E8EDE-B11A-4480-9EA1-1DB0DE474632}.Debug|Any CPU.ActiveCfg = Debug|Any CPU
		{4C7E8EDE-B11A-4480-9EA1-1DB0DE474632}.Debug|Any CPU.Build.0 = Debug|Any CPU
		{4C7E8EDE-B11A-4480-9EA1-1DB0DE474632}.Release|Any CPU.ActiveCfg = Release|Any CPU
		{4C7E8EDE-B11A-4480-9EA1-1DB0DE474632}.Release|Any CPU.Build.0 = Release|Any CPU
	EndGlobalSection
	GlobalSection(SolutionProperties) = preSolution
		HideSolutionNode = FALSE
	EndGlobalSection
	GlobalSection(ExtensibilityGlobals) = postSolution
		SolutionGuid = {276EDCBC-50EA-4CC8-9C2D-18DC68F4E771}
	EndGlobalSection
EndGlobal
